filippo.io/edwards25519 v1.1.0 h1:FNf4tywRC1HmFuKW5xopWpigGjJKiJSV0Cqo0cJWDaA=
filippo.io/edwards25519 v1.1.0/go.mod h1:BxyFTGdWcka3PhytdK4V28tE5sGfRvvvRV7EaN4VDT4=
github.com/adhocore/gronx v1.19.5 h1:cwIG4nT1v9DvadxtHBe6MzE+FZ1JDvAUC45U2fl4eSQ=
github.com/adhocore/gronx v1.19.5/go.mod h1:7oUY1WAU8rEJWmAxXR2DN0JaO4gi9khSgKjiRypqteg=
github.com/alecthomas/assert/v2 v2.11.0 h1:2Q9r3ki8+JYXvGsDyBXwH3LcJ+WK5D0gc5E8vS6K3D0=
github.com/alecthomas/assert/v2 v2.11.0/go.mod h1:Bze95FyfUr7x34QZrjL+XP+0qgp/zg8yS+TtBj1WA3k=
github.com/alecthomas/kong v1.9.0 h1:Wgg0ll5Ys7xDnpgYBuBn/wPeLGAuK0NvYmEcisJgrIs=
github.com/alecthomas/kong v1.9.0/go.mod h1:p2vqieVMeTAnaC83txKtXe8FLke2X07aruPWXyMPQrU=
github.com/alecthomas/repr v0.4.0 h1:GhI2A8MACjfegCPVq9f1FLvIBS+DrQ2KQBFZP1iFzXc=
github.com/alecthomas/repr v0.4.0/go.mod h1:Fr0507jx4eOXV7AlPV6AVZLYrLIuIeSOWtW57eE/O/4=
github.com/alecthomas/units v0.0.0-20240927000941-0f3dac36c52b h1:mimo19zliBX/vSQ6PWWSL9lK8qwHozUj03+zLoEB8O0=
github.com/alecthomas/units v0.0.0-20240927000941-0f3dac36c52b/go.mod h1:fvzegU4vN3H1qMT+8wDmzjAcDONcgo2/SZ/TyfdUOFs=
github.com/andybalholm/brotli v1.1.1 h1:PR2pgnyFznKEugtsUo0xLdDop5SKXd5Qf5ysW+7XdTA=
github.com/andybalholm/brotli v1.1.1/go.mod h1:05ib4cKhjx3OQYUY22hTVd34Bc8upXjOLL2rKwwZBoA=
github.com/beorn7/perks v1.0.1 h1:VlbKKnNfV8bJzeqoa4cOKqO6bYr3WgKZxO8Z16+hsOM=
github.com/beorn7/perks v1.0.1/go.mod h1:G2ZrVWU2WbWT9wwq4/hrbKbnv/1ERSJQ0ibhJ6rlkpw=
github.com/bsm/ginkgo/v2 v2.12.0 h1:Ny8MWAHyOepLGlLKYmXG4IEkioBysk6GpaRTLC8zwWs=
github.com/bsm/ginkgo/v2 v2.12.0/go.mod h1:SwYbGRRDovPVboqFv0tPTcG1sN61LM1Z4ARdbAV9g4c=
github.com/bsm/gomega v1.27.10 h1:yeMWxP2pV2fG3FgAODIY8EiRE3dy0aeFYt4l7wh6yKA=
github.com/bsm/gomega v1.27.10/go.mod h1:JyEr/xRbxbtgWNi8tIEVPUYZ5Dzef52k01W3YH0H+O0=
github.com/bytedance/sonic v1.13.1 h1:Jyd5CIvdFnkOWuKXr+wm4Nyk2h0yAFsr8ucJgEasO3g=
github.com/bytedance/sonic v1.13.1/go.mod h1:o68xyaF9u2gvVBuGHPlUVCy+ZfmNNO5ETf1+KgkJhz4=
github.com/bytedance/sonic/loader v0.1.1/go.mod h1:ncP89zfokxS5LZrJxl5z0UJcsk4M4yY2JpfqGeCtNLU=
github.com/bytedance/sonic/loader v0.2.4 h1:ZWCw4stuXUsn1/+zQDqeE7JKP+QO47tz7QCNan80NzY=
github.com/bytedance/sonic/loader v0.2.4/go.mod h1:N8A3vUdtUebEY2/VQC0MyhYeKUFosQU6FxH2JmUe6VI=
github.com/cespare/xxhash/v2 v2.3.0 h1:UL815xU9SqsFlibzuggzjXhog7bL6oX9BbNZnL2UFvs=
github.com/cespare/xxhash/v2 v2.3.0/go.mod h1:VGX0DQ3Q6kWi7AoAeZDth3/j3BFtOZR5XLFGgcrjCOs=
github.com/chromedp/cdproto v0.0.0-20250311215558-29dfcc2791de h1:tOKSCbB420VENW1Wz10EnSXr4jLnWoq25vnBW4ScmF0=
github.com/chromedp/cdproto v0.0.0-20250311215558-29dfcc2791de/go.mod h1:NItd7aLkcfOA/dcMXvl8p1u+lQqioRMq/SqDp71Pb/k=
github.com/cloudwego/base64x v0.1.5 h1:XPciSp1xaq2VCSt6lF0phncD4koWyULpl5bUxbfCyP4=
github.com/cloudwego/base64x v0.1.5/go.mod h1:0zlkT4Wn5C6NdauXdJRhSKRlJvmclQ1hhJgA0rcu/8w=
github.com/cloudwego/iasm v0.2.0/go.mod h1:8rXZaNYT2n95jn+zTI1sDr+IgcD2GVs0nlbbQPiEFhY=
github.com/davecgh/go-spew v1.1.0/go.mod h1:J7Y8YcW2NihsgmVo/mv3lAwl/skON4iLHjSsI+c5H38=
github.com/davecgh/go-spew v1.1.1/go.mod h1:J7Y8YcW2NihsgmVo/mv3lAwl/skON4iLHjSsI+c5H38=
github.com/davecgh/go-spew v1.1.2-0.20180830191138-d8f796af33cc h1:U9qPSI2PIWSS1VwoXQT9A3Wy9MM3WgvqSxFWenqJduM=
github.com/davecgh/go-spew v1.1.2-0.20180830191138-d8f796af33cc/go.mod h1:J7Y8YcW2NihsgmVo/mv3lAwl/skON4iLHjSsI+c5H38=
github.com/dgryski/go-rendezvous v0.0.0-20200823014737-9f7001d12a5f h1:lO4WD4F/rVNCu3HqELle0jiPLLBs70cWOduZpkS1E78=
github.com/dgryski/go-rendezvous v0.0.0-20200823014737-9f7001d12a5f/go.mod h1:cuUVRXasLTGF7a8hSLbxyZXjz+1KgoB3wDUb6vlszIc=
github.com/frankban/quicktest v1.14.6 h1:7Xjx+VpznH+oBnejlPUj8oUpdxnVs4f8XU8WnHkI4W8=
github.com/frankban/quicktest v1.14.6/go.mod h1:4ptaffx2x8+WTWXmUCuVU6aPUX1/Mz7zb5vbUoiM6w0=
github.com/gabriel-vasile/mimetype v1.4.8 h1:FfZ3gj38NjllZIeJAmMhr+qKL8Wu+nOoI3GqacKw1NM=
github.com/gabriel-vasile/mimetype v1.4.8/go.mod h1:ByKUIKGjh1ODkGM1asKUbQZOLGrPjydw3hYPU2YU9t8=
github.com/gin-contrib/sse v1.0.0 h1:y3bT1mUWUxDpW4JLQg/HnTqV4rozuW4tC9eFKTxYI9E=
github.com/gin-contrib/sse v1.0.0/go.mod h1:zNuFdwarAygJBht0NTKiSi3jRf6RbqeILZ9Sp6Slhe0=
github.com/gin-gonic/gin v1.10.0 h1:nTuyha1TYqgedzytsKYqna+DfLos46nTv2ygFy86HFU=
github.com/gin-gonic/gin v1.10.0/go.mod h1:4PMNQiOhvDRa013RKVbsiNwoyezlm2rm0uX/T7kzp5Y=
github.com/go-logr/logr v1.4.2 h1:6pFjapn8bFcIbiKo3XT4j/BhANplGihG6tvd+8rYgrY=
github.com/go-logr/logr v1.4.2/go.mod h1:9T104GzyrTigFIr8wt5mBrctHMim0Nb2HLGrmQ40KvY=
github.com/go-logr/stdr v1.2.2 h1:hSWxHoqTgW2S2qGc0LTAI563KZ5YKYRhT3MFKZMbjag=
github.com/go-logr/stdr v1.2.2/go.mod h1:mMo/vtBO5dYbehREoey6XUKy/eSumjCCveDpRre4VKE=
github.com/go-playground/assert/v2 v2.2.0 h1:JvknZsQTYeFEAhQwI4qEt9cyV5ONwRHC+lYKSsYSR8s=
github.com/go-playground/assert/v2 v2.2.0/go.mod h1:VDjEfimB/XKnb+ZQfWdccd7VUvScMdVu0Titje2rxJ4=
github.com/go-playground/locales v0.14.1 h1:EWaQ/wswjilfKLTECiXz7Rh+3BjFhfDFKv/oXslEjJA=
github.com/go-playground/locales v0.14.1/go.mod h1:hxrqLVvrK65+Rwrd5Fc6F2O76J/NuW9t0sjnWqG1slY=
github.com/go-playground/universal-translator v0.18.1 h1:Bcnm0ZwsGyWbCzImXv+pAJnYK9S473LQFuzCbDbfSFY=
github.com/go-playground/universal-translator v0.18.1/go.mod h1:xekY+UJKNuX9WP91TpwSH2VMlDf28Uj24BCp08ZFTUY=
github.com/go-playground/validator/v10 v10.25.0 h1:5Dh7cjvzR7BRZadnsVOzPhWsrwUr0nmsZJxEAnFLNO8=
github.com/go-playground/validator/v10 v10.25.0/go.mod h1:GGzBIJMuE98Ic/kJsBXbz1x/7cByt++cQ+YOuDM5wus=
github.com/go-sql-driver/mysql v1.7.0/go.mod h1:OXbVy3sEdcQ2Doequ6Z5BW6fXNQTmx+9S1MCJN5yJMI=
github.com/go-sql-driver/mysql v1.9.0 h1:Y0zIbQXhQKmQgTp44Y1dp3wTXcn804QoTptLZT1vtvo=
github.com/go-sql-driver/mysql v1.9.0/go.mod h1:pDetrLJeA3oMujJuvXc8RJoasr589B6A9fwzD3QMrqw=
github.com/goccy/go-json v0.10.5 h1:Fq85nIqj+gXn/S5ahsiTlK3TmC85qgirsdTP/+DeaC4=
github.com/goccy/go-json v0.10.5/go.mod h1:oq7eo15ShAhp70Anwd5lgX2pLfOS3QCiwU/PULtXL6M=
github.com/golang-jwt/jwt/v5 v5.2.2 h1:Rl4B7itRWVtYIHFrSNd7vhTiz9UpLdi6gZhZ3wEeDy8=
github.com/golang-jwt/jwt/v5 v5.2.2/go.mod h1:pqrtFR0X4osieyHYxtmOUWsAWrfe1Q5UVIyoH402zdk=
github.com/golang/protobuf v1.5.4 h1:i7eJL8qZTpSEXOPTxNKhASYpMn+8e5Q6AdndVa1dWek=
github.com/golang/protobuf v1.5.4/go.mod h1:lnTiLA8Wa4RWRcIUkrtSVa5nRhsEGBg48fD6rSs7xps=
github.com/google/go-cmp v0.6.0 h1:ofyhxvXcZhMsU5ulbFiLKl/XBFqE1GSq7atu8tAmTRI=
github.com/google/go-cmp v0.6.0/go.mod h1:17dUlkBOakJ0+DkrSSNjCkIjxS6bF9zb3elmeNGIjoY=
github.com/google/gofuzz v1.0.0/go.mod h1:dBl0BpW6vV/+mYPU4Po3pmUjxk6FQPldtuIdl/M65Eg=
github.com/google/martian v2.1.0+incompatible h1:/CP5g8u/VJHijgedC/Legn3BAbAaWPgecwXBIDzw5no=
github.com/google/martian v2.1.0+incompatible/go.mod h1:9I4somxYTbIHy5NJKHRl3wXiIaQGbYVAs8BPL6v8lEs=
github.com/google/uuid v1.6.0 h1:NIvaJDMOsjHA8n1jAhLSgzrAzy1Hgr+hNrb57e+94F0=
github.com/google/uuid v1.6.0/go.mod h1:TIyPZe4MgqvfeYDBFedMoGGpEw/LqOeaOT+nhxU+yHo=
github.com/hexops/gotextdiff v1.0.3 h1:gitA9+qJrrTCsiCl7+kh75nPqQt1cx4ZkudSTLoUqJM=
github.com/hexops/gotextdiff v1.0.3/go.mod h1:pSWU5MAI3yDq+fZBTazCSJysOMbxWL1BSow5/V2vxeg=
github.com/hibiken/asynq v0.25.1 h1:phj028N0nm15n8O2ims+IvJ2gz4k2auvermngh9JhTw=
github.com/hibiken/asynq v0.25.1/go.mod h1:pazWNOLBu0FEynQRBvHA26qdIKRSmfdIfUm4HdsLmXg=
github.com/ijt/go-anytime v1.9.2 h1:DmYgVwUiFPNR+n6c1T5P070tlGATRZG4aYNJs6XDUfU=
github.com/ijt/go-anytime v1.9.2/go.mod h1:egBT6FhVjNlXNHUN2wTPi6ILCNKXeeXFy04pWJjw/LI=
github.com/ijt/goparsify v0.0.0-20221203142333-3a5276334b8d h1:LFOmpWrSbtolg0YqYC9hQjj5WSLtRGb6aZ3JAugLfgg=
github.com/ijt/goparsify v0.0.0-20221203142333-3a5276334b8d/go.mod h1:112TOyA+aruNSUBlyBWlKBdLVYTdhjiO2CKD0j/URSU=
github.com/jackc/pgpassfile v1.0.0 h1:/6Hmqy13Ss2zCq62VdNG8tM1wchn8zjSGOBJ6icpsIM=
github.com/jackc/pgpassfile v1.0.0/go.mod h1:CEx0iS5ambNFdcRtxPj5JhEz+xB6uRky5eyVu/W2HEg=
github.com/jackc/pgservicefile v0.0.0-20240606120523-5a60cdf6a761 h1:iCEnooe7UlwOQYpKFhBabPMi4aNAfoODPEFNiAnClxo=
github.com/jackc/pgservicefile v0.0.0-20240606120523-5a60cdf6a761/go.mod h1:5TJZWKEWniPve33vlWYSoGYefn3gLQRzjfDlhSJ9ZKM=
github.com/jackc/pgx/v5 v5.9.2 h1:3ZhOzMWnR4yJ+RW1XImIPsD1aNSz4T4fyP7zlQb56hw=
github.com/jackc/pgx/v5 v5.9.2/go.mod h1:mal1tBGAFfLHvZzaYh77YS/eC6IX9OWbRV1QIIM0Jn4=
github.com/jackc/puddle/v2 v2.2.2 h1:PR8nw+E/1w0GLuRFSmiioY6UooMp6KJv0/61nB7icHo=
github.com/jackc/puddle/v2 v2.2.2/go.mod h1:vriiEXHvEE654aYKXXjOvZM39qJ0q+azkZFrfEOc3H4=
github.com/jedib0t/go-pretty/v6 v6.6.7 h1:m+LbHpm0aIAPLzLbMfn8dc3Ht8MW7lsSO4MPItz/Uuo=
github.com/jedib0t/go-pretty/v6 v6.6.7/go.mod h1:YwC5CE4fJ1HFUDeivSV1r//AmANFHyqczZk+U6BDALU=
github.com/jinzhu/inflection v1.0.0 h1:K317FqzuhWc8YvSVlFMCCUb36O/S9MCKRDI7QkRKD/E=
github.com/jinzhu/inflection v1.0.0/go.mod h1:h+uFLlag+Qp1Va5pdKtLDYj+kHp5pxUVkryuEj+Srlc=
github.com/jinzhu/now v1.1.5 h1:/o9tlHleP7gOFmsnYNz3RGnqzefHA47wQpKrrdTIwXQ=
github.com/jinzhu/now v1.1.5/go.mod h1:d3SSVoowX0Lcu0IBviAWJpolVfI5UJVZZ7cO71lE/z8=
github.com/joho/godotenv v1.5.1 h1:7eLL/+HRGLY0ldzfGMeQkb7vMd0as4CfYvUVzLqw0N0=
github.com/joho/godotenv v1.5.1/go.mod h1:f4LDr5Voq0i2e/R5DDNOoa2zzDfwtkZa6DnEwAbqwq4=
github.com/jpillora/backoff v1.0.0 h1:uvFg412JmmHBHw7iwprIxkPMI+sGQ4kzOWsMeHnm2EA=
github.com/jpillora/backoff v1.0.0/go.mod h1:J/6gKK9jxlEcS3zixgDgUAsiuZ7yrSoa/FX5e0EB2j4=
github.com/json-iterator/go v1.1.12 h1:PV8peI4a0ysnczrg+LtxykD8LfKY9ML6u2jnxaEnrnM=
github.com/json-iterator/go v1.1.12/go.mod h1:e30LSqwooZae/UwlEbR2852Gd8hjQvJoHmT4TnhNGBo=
github.com/klauspost/compress v1.18.0 h1:c/Cqfb0r+Yi+JtIEq73FWXVkRonBlf0CRNYc8Zttxdo=
github.com/klauspost/compress v1.18.0/go.mod h1:2Pp+KzxcywXVXMr50+X0Q/Lsb43OQHYWRCY2AiWywWQ=
github.com/klauspost/cpuid/v2 v2.0.9/go.mod h1:FInQzS24/EEf25PyTYn52gqo7WaD8xa0213Md/qVLRg=
github.com/klauspost/cpuid/v2 v2.2.10 h1:tBs3QSyvjDyFTq3uoc/9xFpCuOsJQFNPiAhYdw2skhE=
github.com/klauspost/cpuid/v2 v2.2.10/go.mod h1:hqwkgyIinND0mEev00jJYCxPNVRVXFQeu1XKlok6oO0=
github.com/knz/go-libedit v1.10.1/go.mod h1:MZTVkCWyz0oBc7JOWP3wNAzd002ZbM/5hgShxwh4x8M=
github.com/kr/pretty v0.3.1 h1:flRD4NNwYAUpkphVc1HcthR4KEIFJ65n8Mw5qdRn3LE=
github.com/kr/pretty v0.3.1/go.mod h1:hoEshYVHaxMs3cyo3Yncou5ZscifuDolrwPKZanG3xk=
github.com/kr/text v0.2.0 h1:5Nx0Ya0ZqY2ygV366QzturHI13Jq95ApcVaJBhpS+AY=
github.com/kr/text v0.2.0/go.mod h1:eLer722TekiGuMkidMxC/pM04lWEeraHUUmBw8l2grE=
github.com/kylelemons/godebug v1.1.0 h1:RPNrshWIDI6G2gRW9EHilWtl7Z6Sb1BR0xunSBf0SNc=
github.com/kylelemons/godebug v1.1.0/go.mod h1:9/0rRGxNHcop5bhtWyNeEfOS8JIWk580+fNqagV/RAw=
github.com/leodido/go-urn v1.4.0 h1:WT9HwE9SGECu3lg4d/dIA+jxlljEa1/ffXKmRjqdmIQ=
github.com/leodido/go-urn v1.4.0/go.mod h1:bvxc+MVxLKB4z00jd1z+Dvzr47oO32F/QSNjSBOlFxI=
github.com/mattn/go-isatty v0.0.20 h1:xfD0iDuEKnDkl03q4limB+vH+GxLEtL/jb4xVJSWWEY=
github.com/mattn/go-isatty v0.0.20/go.mod h1:W+V8PltTTMOvKvAeJH7IuucS94S2C6jfK/D7dTCTo3Y=
github.com/mattn/go-runewidth v0.0.16 h1:E5ScNMtiwvlvB5paMFdw9p4kSQzbXFikJ5SQO6TULQc=
github.com/mattn/go-runewidth v0.0.16/go.mod h1:Jdepj2loyihRzMpdS35Xk/zdY8IAYHsh153qUoGf23w=
github.com/mattn/go-sqlite3 v1.14.24 h1:tpSp2G2KyMnnQu99ngJ47EIkWVmliIizyZBfPrBWDRM=
github.com/mattn/go-sqlite3 v1.14.24/go.mod h1:Uh1q+B4BYcTPb+yiD3kU8Ct7aC0hY9fxUwlHK0RXw+Y=
github.com/miekg/dns v1.1.63 h1:8M5aAw6OMZfFXTT7K5V0Eu5YiiL8l7nUAkyN6C9YwaY=
github.com/miekg/dns v1.1.63/go.mod h1:6NGHfjhpmr5lt3XPLuyfDJi5AXbNIPM9PY6H6sF1Nfs=
github.com/modern-go/concurrent v0.0.0-20180228061459-e0a39a4cb421/go.mod h1:6dJC0mAP4ikYIbvyc7fijjWJddQyLn8Ig3JB5CqoB9Q=
github.com/modern-go/concurrent v0.0.0-20180306012644-bacd9c7ef1dd h1:TRLaZ9cD/w8PVh93nsPXa1VrQ6jlwL5oN8l14QlcNfg=
github.com/modern-go/concurrent v0.0.0-20180306012644-bacd9c7ef1dd/go.mod h1:6dJC0mAP4ikYIbvyc7fijjWJddQyLn8Ig3JB5CqoB9Q=
github.com/modern-go/reflect2 v1.0.2 h1:xBagoLtFs94CBntxluKeaWgTMpvLxC4ur3nMaC9Gz0M=
github.com/modern-go/reflect2 v1.0.2/go.mod h1:yWuevngMOJpCy52FWWMvUC8ws7m/LJsjYzDa0/r8luk=
github.com/munnerz/goautoneg v0.0.0-20191010083416-a7dc8b61c822 h1:C3w9PqII01/Oq1c1nUAm88MOHcQC9l5mIlSMApZMrHA=
github.com/munnerz/goautoneg v0.0.0-20191010083416-a7dc8b61c822/go.mod h1:+n7T8mK8HuQTcFwEeznm/DIxMOiR9yIdICNftLE1DvQ=
github.com/mwitkow/go-conntrack v0.0.0-20190716064945-2f068394615f h1:KUppIJq7/+SVif2QVs3tOP0zanoHgBEVAwHxUSIzRqU=
github.com/mwitkow/go-conntrack v0.0.0-20190716064945-2f068394615f/go.mod h1:qRWi+5nqEBWmkhHvq77mSJWrCKwh8bxhgT7d/eI7P4U=
github.com/pelletier/go-toml/v2 v2.2.3 h1:YmeHyLY8mFWbdkNWwpr+qIL2bEqT0o95WSdkNHvL12M=
github.com/pelletier/go-toml/v2 v2.2.3/go.mod h1:MfCQTFTvCcUyyvvwm1+G6H/jORL20Xlb6rzQu9GuUkc=
github.com/pmezard/go-difflib v1.0.0/go.mod h1:iKH77koFhYxTK1pcRnkKkqfTogsbg7gZNVY4sRDYZ/4=
github.com/pmezard/go-difflib v1.0.1-0.20181226105442-5d4384ee4fb2 h1:Jamvg5psRIccs7FGNTlIRMkT8wgtp5eCXdBlqhYGL6U=
github.com/pmezard/go-difflib v1.0.1-0.20181226105442-5d4384ee4fb2/go.mod h1:iKH77koFhYxTK1pcRnkKkqfTogsbg7gZNVY4sRDYZ/4=
github.com/prometheus/blackbox_exporter v0.26.0 h1:MuAzFPoWnw1rGNMvBG70tnDKq178R5iuktpwBOL3niw=
github.com/prometheus/blackbox_exporter v0.26.0/go.mod h1:XUXT4jc22Q2cQUdcoKWctT0wFkw4GfhjvBhK/BgeX04=
github.com/prometheus/client_golang v1.21.1 h1:DOvXXTqVzvkIewV/CDPFdejpMCGeMcbGCQ8YOmu+Ibk=
github.com/prometheus/client_golang v1.21.1/go.mod h1:U9NM32ykUErtVBxdvD3zfi+EuFkkaBvMb09mIfe0Zgg=
github.com/prometheus/client_model v0.6.1 h1:ZKSh/rekM+n3CeS952MLRAdFwIKqeY8b62p8ais2e9E=
github.com/prometheus/client_model v0.6.1/go.mod h1:OrxVMOVHjw3lKMa8+x6HeMGkHMQyHDk9E3jmP2AmGiY=
github.com/prometheus/common v0.62.0 h1:xasJaQlnWAeyHdUBeGjXmutelfJHWMRr+Fg4QszZ2Io=
github.com/prometheus/common v0.62.0/go.mod h1:vyBcEuLSvWos9B1+CyL7JZ2up+uFzXhkqml0W5zIY1I=
github.com/prometheus/procfs v0.15.1 h1:YagwOFzUgYfKKHX6Dr+sHT7km/hxC76UB0learggepc=
github.com/prometheus/procfs v0.15.1/go.mod h1:fB45yRUv8NstnjriLhBQLuOUt+WW4BsoGhij/e3PBqk=
github.com/redis/go-redis/v9 v9.7.3 h1:YpPyAayJV+XErNsatSElgRZZVCwXX9QzkKYNvO7x0wM=
github.com/redis/go-redis/v9 v9.7.3/go.mod h1:bGUrSggJ9X9GUmZpZNEOQKaANxSGgOEBRltRTZHSvrA=
github.com/rivo/uniseg v0.2.0/go.mod h1:J6wj4VEh+S6ZtnVlnTBMWIodfgj8LQOQFoIToxlJtxc=
github.com/rivo/uniseg v0.4.7 h1:WUdvkW8uEhrYfLC4ZzdpI2ztxP1I582+49Oc5Mq64VQ=
github.com/rivo/uniseg v0.4.7/go.mod h1:FN3SvrM+Zdj16jyLfmOkMNblXMcoc8DfTHruCPUcx88=
github.com/robfig/cron/v3 v3.0.1 h1:WdRxkvbJztn8LMz/QEvLN5sBU+xKpSqwwUO1Pjr4qDs=
github.com/robfig/cron/v3 v3.0.1/go.mod h1:eQICP3HwyT7UooqI/z+Ov+PtYAWygg1TEWWzGIFLtro=
github.com/rogpeppe/go-internal v1.13.1 h1:KvO1DLK/DRN07sQ1LQKScxyZJuNnedQ5/wKSR38lUII=
github.com/rogpeppe/go-internal v1.13.1/go.mod h1:uMEvuHeurkdAXX61udpOXGD/AzZDWNMNyH2VO9fmH0o=
github.com/spf13/cast v1.7.1 h1:cuNEagBQEHWN1FnbGEjCXL2szYEXqfJPbP2HNUaca9Y=
github.com/spf13/cast v1.7.1/go.mod h1:ancEpBxwJDODSW/UG4rDrAqiKolqNNh2DX3mk86cAdo=
github.com/sre-norns/wyrd v0.2.1 h1:cg2H2fnrLVHZSYXZHoXwPolvXVXVof1J2VdgAAlr6I4=
github.com/sre-norns/wyrd v0.2.1/go.mod h1:tU1jZ8O7fhGGI2Y1cCc+/bwUP72/XYBnfnYlrlFKNt8=
github.com/stretchr/objx v0.1.0/go.mod h1:HFkY916IF+rwdDfMAkV7OtwuqBVzrE8GR6GFx+wExME=
github.com/stretchr/objx v0.4.0/go.mod h1:YvHI0jy2hoMjB+UWwv71VJQ9isScKT/TqJzVSSt89Yw=
github.com/stretchr/objx v0.5.0/go.mod h1:Yh+to48EsGEfYuaHDzXPcE3xhTkx73EhmCGUpEOglKo=
github.com/stretchr/objx v0.5.2/go.mod h1:FRsXN1f5AsAjCGJKqEizvkpNtU+EGNCLh3NxZ/8L+MA=
github.com/stretchr/testify v1.3.0/go.mod h1:M5WIy9Dh21IEIfnGCwXGc5bZfKNJtfHm1UVUgZn+9EI=
github.com/stretchr/testify v1.7.0/go.mod h1:6Fq8oRcR53rry900zMqJjRRixrwX3KX962/h/Wwjteg=
github.com/stretchr/testify v1.7.1/go.mod h1:6Fq8oRcR53rry900zMqJjRRixrwX3KX962/h/Wwjteg=
github.com/stretchr/testify v1.8.0/go.mod h1:yNjHg4UonilssWZ8iaSj1OCr/vHnekPRkoO+kdMU+MU=
github.com/stretchr/testify v1.8.1/go.mod h1:w2LPCIKwWwSfY2zedu0+kehJoqGctiVI29o6fzry7u4=
github.com/stretchr/testify v1.8.4/go.mod h1:sz/lmYIOXD/1dqDmKjjqLyZ2RngseejIcXlSw2iwfAo=
github.com/stretchr/testify v1.9.0/go.mod h1:r2ic/lqez/lEtzL7wO/rwa5dbSLXVDPFyf8C91i36aY=
github.com/stretchr/testify v1.10.0/go.mod h1:r2ic/lqez/lEtzL7wO/rwa5dbSLXVDPFyf8C91i36aY=
github.com/stretchr/testify v1.11.1 h1:7s2iGBzp5EwR7/aIZr8ao5+dra3wiQyKjjFuvgVKu7U=
github.com/stretchr/testify v1.11.1/go.mod h1:wZwfW3scLgRK+23gO65QZefKpKQRnfz6sD981Nm4B6U=
github.com/tj/assert v0.0.0-20190920132354-ee03d75cd160 h1:NSWpaDaurcAJY7PkL8Xt0PhZE7qpvbZl5ljd8r6U0bI=
github.com/tj/assert v0.0.0-20190920132354-ee03d75cd160/go.mod h1:mZ9/Rh9oLWpLLDRpvE+3b7gP/C2YyLFYxNmcLnPTMe0=
github.com/twitchyliquid64/golang-asm v0.15.1 h1:SU5vSMR7hnwNxj24w34ZyCi/FmDZTkS4MhqMhdFk5YI=
github.com/twitchyliquid64/golang-asm v0.15.1/go.mod h1:a1lVb/DtPvCB8fslRZhAngC2+aY1QWCk3Cedj/Gdt08=
github.com/ugorji/go/codec v1.2.12 h1:9LC83zGrHhuUA9l16C9AHXAqEV/2wBQ4nkvumAE65EE=
github.com/ugorji/go/codec v1.2.12/go.mod h1:UNopzCgEMSXjBc6AOMqYvWC1ktqTAfzJZUZgYf6w6lg=
github.com/xo/dburl v0.23.4 h1:VLI0JT+w95uDiGhCYqbuLTM3gkfg5ODiSoegiEZpcVg=
github.com/xo/dburl v0.23.4/go.mod h1:uazlaAQxj4gkshhfuuYyvwCBouOmNnG2aDxTCFZpmL4=
github.com/xyproto/randomstring v1.0.5 h1:YtlWPoRdgMu3NZtP45drfy1GKoojuR7hmRcnhZqKjWU=
github.com/xyproto/randomstring v1.0.5/go.mod h1:rgmS5DeNXLivK7YprL0pY+lTuhNQW3iGxZ18UQApw/E=
go.opentelemetry.io/auto/sdk v1.1.0 h1:cH53jehLUN6UFLY71z+NDOiNJqDdPRaXzTel0sJySYA=
go.opentelemetry.io/auto/sdk v1.1.0/go.mod h1:3wSPjt5PWp2RhlCcmmOial7AvC4DQqZb7a7wCow3W8A=
go.opentelemetry.io/otel v1.34.0 h1:zRLXxLCgL1WyKsPVrgbSdMN4c0FMkDAskSTQP+0hdUY=
go.opentelemetry.io/otel v1.34.0/go.mod h1:OWFPOQ+h4G8xpyjgqo4SxJYdDQ/qmRH+wivy7zzx9oI=
go.opentelemetry.io/otel/metric v1.34.0 h1:+eTR3U0MyfWjRDhmFMxe2SsW64QrZ84AOhvqS7Y+PoQ=
go.opentelemetry.io/otel/metric v1.34.0/go.mod h1:CEDrp0fy2D0MvkXE+dPV7cMi8tWZwX3dmaIhwPOaqHE=
go.opentelemetry.io/otel/sdk v1.34.0 h1:95zS4k/2GOy069d321O8jWgYsW3MzVV+KuSPKp7Wr1A=
go.opentelemetry.io/otel/sdk v1.34.0/go.mod h1:0e/pNiaMAqaykJGKbi+tSjWfNNHMTxoC9qANsCzbyxU=
go.opentelemetry.io/otel/sdk/metric v1.34.0 h1:5CeK9ujjbFVL5c1PhLuStg1wxA7vQv7ce1EK0Gyvahk=
go.opentelemetry.io/otel/sdk/metric v1.34.0/go.mod h1:jQ/r8Ze28zRKoNRdkjCZxfs6YvBTG1+YIqyFVFYec5w=
go.opentelemetry.io/otel/trace v1.34.0 h1:+ouXS2V8Rd4hp4580a8q23bg0azF2nI8cqLYnC8mh/k=
go.opentelemetry.io/otel/trace v1.34.0/go.mod h1:Svm7lSjQD7kG7KJ/MUHPVXSDGz2OX4h0M2jHBhmSfRE=
go.uber.org/goleak v1.3.0 h1:2K3zAYmnTNqV73imy9J1T3WC+gmCePx2hEGkimedGto=
go.uber.org/goleak v1.3.0/go.mod h1:CoHD4mav9JJNrW/WLlf7HGZPjdw8EucARQHekz1X6bE=
golang.org/x/arch v0.15.0 h1:QtOrQd0bTUnhNVNndMpLHNWrDmYzZ2KDqSrEymqInZw=
golang.org/x/arch v0.15.0/go.mod h1:JmwW7aLIoRUKgaTzhkiEFxvcEiQGyOg9BMonBJUS7EE=
golang.org/x/crypto v0.51.0 h1:IBPXwPfKxY7cWQZ38ZCIRPI50YLeevDLlLnyC5wRGTI=
golang.org/x/crypto v0.51.0/go.mod h1:8AdwkbraGNABw2kOX6YFPs3WM22XqI4EXEd8g+x7Oc8=
golang.org/x/mod v0.35.0 h1:Ww1D637e6Pg+Zb2KrWfHQUnH2dQRLBQyAtpr/haaJeM=
golang.org/x/mod v0.35.0/go.mod h1:+GwiRhIInF8wPm+4AoT6L0FA1QWAad3OMdTRx4tFYlU=
golang.org/x/net v0.55.0 h1:bcvxaJn3e1U6InsFWt1JUq1aSjnRxLzT2rtD2KfkDF8=
golang.org/x/net v0.55.0/go.mod h1:L5U2KuzuOe1lY7Z+aWVIKK6qEeJXnXV9yzGA+WCHJww=
golang.org/x/oauth2 v0.28.0 h1:CrgCKl8PPAVtLnU3c+EDw6x11699EWlsDeWNWKdIOkc=
golang.org/x/oauth2 v0.28.0/go.mod h1:onh5ek6nERTohokkhCD/y2cV4Do3fxFHFuAejCkRWT8=
golang.org/x/sync v0.20.0 h1:e0PTpb7pjO8GAtTs2dQ6jYa5BWYlMuX047Dco/pItO4=
golang.org/x/sync v0.20.0/go.mod h1:9xrNwdLfx4jkKbNva9FpL6vEN7evnE43NNNJQ2LF3+0=
golang.org/x/sys v0.6.0/go.mod h1:oPkhp1MJrh7nUepCBck5+mAzfO9JrbApNNgaTdGDITg=
golang.org/x/sys v0.45.0 h1:dO4czNzziLiiXplLQgBCEpCvXQ3dnkn0SdaZSYdQ+FY=
golang.org/x/sys v0.45.0/go.mod h1:4GL1E5IUh+htKOUEOaiffhrAeqysfVGipDYzABqnCmw=
golang.org/x/text v0.37.0 h1:Cqjiwd9eSg8e0QAkyCaQTNHFIIzWtidPahFWR83rTrc=
golang.org/x/text v0.37.0/go.mod h1:a5sjxXGs9hsn/AJVwuElvCAo9v8QYLzvavO5z2PiM38=
golang.org/x/time v0.11.0 h1:/bpjEDfN9tkoN/ryeYHnv5hcMlc8ncjMcM4XBk5NWV0=
golang.org/x/time v0.11.0/go.mod h1:CDIdPxbZBQxdj6cxyCIdrNogrJKMJ7pr37NYpMcMDSg=
golang.org/x/tools v0.44.0 h1:UP4ajHPIcuMjT1GqzDWRlalUEoY+uzoZKnhOjbIPD2c=
golang.org/x/tools v0.44.0/go.mod h1:KA0AfVErSdxRZIsOVipbv3rQhVXTnlU6UhKxHd1seDI=
google.golang.org/genproto/googleapis/rpc v0.0.0-20250313205543-e70fdf4c4cb4 h1:iK2jbkWL86DXjEx0qiHcRE9dE4/Ahua5k6V8OWFb//c=
google.golang.org/genproto/googleapis/rpc v0.0.0-20250313205543-e70fdf4c4cb4/go.mod h1:LuRYeWDFV6WOn90g357N17oMCaxpgCnbi/44qJvDn2I=
google.golang.org/grpc v1.71.0 h1:kF77BGdPTQ4/JZWMlb9VpJ5pa25aqvVqogsxNHHdeBg=
google.golang.org/grpc v1.71.0/go.mod h1:H0GRtasmQOh9LkFoCPDu3ZrwUtD1YGE+b2vYBYd/8Ec=
google.golang.org/protobuf v1.36.5 h1:tPhr+woSbjfYvY6/GPufUoYizxw1cF/yFoxJ2fmpwlM=
google.golang.org/protobuf v1.36.5/go.mod h1:9fA7Ob0pmnwhb644+1+CVWFRbNajQ6iRojtC/QF5bRE=
gopkg.in/check.v1 v0.0.0-20161208181325-20d25e280405/go.mod h1:Co6ibVJAznAaIkqp8huTwlJQCZ016jof/cbN4VW5Yz0=
gopkg.in/check.v1 v1.0.0-20201130134442-10cb98267c6c h1:Hei/4ADfdWqJk1ZMxUNpqntNwaWcugrBjAiHlqqRiVk=
gopkg.in/check.v1 v1.0.0-20201130134442-10cb98267c6c/go.mod h1:JHkPIbrfpd72SG/EVd6muEfDQjcINNoR0C8j2r3qZ4Q=
gopkg.in/yaml.v2 v2.4.0 h1:D8xgwECY7CYvx+Y2n4sBz93Jn9JRvxdiyyo8CTfuKaY=
gopkg.in/yaml.v2 v2.4.0/go.mod h1:RDklbk79AGWmwhnvt/jBztapEOGDOx6ZbXqjP6csGnQ=
gopkg.in/yaml.v3 v3.0.0-20200313102051-9f266ea9e77c/go.mod h1:K4uyk7z7BCEPqu6E+C64Yfv1cQ7kz7rIZviUmN+EgEM=
gopkg.in/yaml.v3 v3.0.1 h1:fxVm/GzAzEWqLHuvctI91KS9hhNmmWOoWu0XTYJS7CA=
gopkg.in/yaml.v3 v3.0.1/go.mod h1:K4uyk7z7BCEPqu6E+C64Yfv1cQ7kz7rIZviUmN+EgEM=
gorm.io/driver/mysql v1.5.7 h1:MndhOPYOfEp2rHKgkZIhJ16eVUIRf2HmzgoPmh7FCWo=
gorm.io/driver/mysql v1.5.7/go.mod h1:sEtPWMiqiN1N1cMXoXmBbd8C6/l+TESwriotuRRpkDM=
gorm.io/driver/postgres v1.5.11 h1:ubBVAfbKEUld/twyKZ0IYn9rSQh448EdelLYk9Mv314=
gorm.io/driver/postgres v1.5.11/go.mod h1:DX3GReXH+3FPWGrrgffdvCk3DQ1dwDPdmbenSkweRGI=
gorm.io/driver/sqlite v1.5.7 h1:8NvsrhP0ifM7LX9G4zPB97NwovUakUxc+2V2uuf3Z1I=
gorm.io/driver/sqlite v1.5.7/go.mod h1:U+J8craQU6Fzkcvu8oLeAQmi50TkwPEhHDEjQZXDah4=
gorm.io/gorm v1.25.7/go.mod h1:hbnx/Oo0ChWMn1BIhpy1oYozzpM15i4YPuHDmfYtwg8=
gorm.io/gorm v1.25.12 h1:I0u8i2hWQItBq1WfE0o2+WuL9+8L21K9e2HHSTE/0f8=
gorm.io/gorm v1.25.12/go.mod h1:xh7N7RHfYlNc5EmcI/El95gXusucDrQnHXe0+CgWcLQ=
k8s.io/apimachinery v0.32.3 h1:JmDuDarhDmA/Li7j3aPrwhpNBA94Nvk5zLeOge9HH1U=
k8s.io/apimachinery v0.32.3/go.mod h1:GpHVgxoKlTxClKcteaeuF1Ul/lDVb74KpZcxcmLDElE=
k8s.io/klog/v2 v2.130.1 h1:n9Xl7H1Xvksem4KFG4PYbdQCQxqc/tTUyrgXaOhHSzk=
k8s.io/klog/v2 v2.130.1/go.mod h1:3Jpz1GvMt720eyJH1ckRHK1EDfpxISzJ7I9OYgaDtPE=
k8s.io/utils v0.0.0-20241210054802-24370beab758 h1:sdbE21q2nlQtFh65saZY+rRM6x6aJJI8IUa1AmH/qa0=
k8s.io/utils v0.0.0-20241210054802-24370beab758/go.mod h1:OLgZIPagt7ERELqWJFomSt595RzquPNLL48iOWgYOg0=
nullprogram.com/x/optparse v1.0.0/go.mod h1:KdyPE+Igbe0jQUrVfMqDMeJQIJZEuyV7pjYmp6pbG50=
